{
  "name": "trade-intel-production-checks",
  "lockfileVersion": 3,
  "requires": true,
  "packages": {
    "": {
      "name": "trade-intel-production-checks",
      "devDependencies": {
        "@electric-sql/pglite": "^0.3.0",
        "yaml": "^2.8.0"
      }
    },
    "node_modules/@electric-sql/pglite": {
      "version": "0.3.16",
      "resolved": "https://registry.npmjs.org/@electric-sql/pglite/-/pglite-0.3.16.tgz",
      "integrity": "sha512-mZkZfOd9OqTMHsK+1cje8OSzfAQcpD7JmILXTl5ahdempjUDdmg4euf1biDex5/LfQIDJ3gvCu6qDgdnDxfJmA==",
      "dev": true,
      "license": "Apache-2.0"
    },
    "node_modules/yaml": {
      "version": "2.9.1",
      "resolved": "https://registry.npmjs.org/yaml/-/yaml-2.9.1.tgz",
      "integrity": "sha512-3NxN8+78OdzbT7C/WjGsyfPAtJaN3FNDsWxv7Y7mcDsT/oOmgW8BpyQQFFBnvZE3j9Y2Sdz1ULFLezL7Eb2yFw==",
      "dev": true,
      "license": "ISC",
      "bin": {
        "yaml": "bin.mjs"
      },
      "engines": {
        "node": ">= 14.6"
      },
      "funding": {
        "url": "https://github.com/sponsors/eemeli"
      }
    }
  }
}
